
Microsoft Visual Studio Solution File, Format Version 11.00
# Visual Basic Express 2010
Project("{F184B08F-C81C-45F6-A57F-5ABD9991F28F}") = "6-8", "6-8\6-8.vbproj", "{83B9B8DD-207B-4F74-A745-DE596FAA476F}"
EndProject
Global
	GlobalSection(SolutionConfigurationPlatforms) = preSolution
		Debug|x86 = Debug|x86
		Release|x86 = Release|x86
	EndGlobalSection
	GlobalSection(ProjectConfigurationPlatforms) = postSolution
		{83B9B8DD-207B-4F74-A745-DE596FAA476F}.Debug|x86.ActiveCfg = Debug|x86
		{83B9B8DD-207B-4F74-A745-DE596FAA476F}.Debug|x86.Build.0 = Debug|x86
		{83B9B8DD-207B-4F74-A745-DE596FAA476F}.Release|x86.ActiveCfg = Release|x86
		{83B9B8DD-207B-4F74-A745-DE596FAA476F}.Release|x86.Build.0 = Release|x86
	EndGlobalSection
	GlobalSection(SolutionProperties) = preSolution
		HideSolutionNode = FALSE
	EndGlobalSection
EndGlobal
