
Microsoft Visual Studio Solution File, Format Version 11.00
# Visual Basic Express 2010
Project("{F184B08F-C81C-45F6-A57F-5ABD9991F28F}") = "100-11", "100-11\100-11.vbproj", "{50B68255-1B7D-487E-993C-736921ECDB7A}"
EndProject
Global
	GlobalSection(SolutionConfigurationPlatforms) = preSolution
		Debug|x86 = Debug|x86
		Release|x86 = Release|x86
	EndGlobalSection
	GlobalSection(ProjectConfigurationPlatforms) = postSolution
		{50B68255-1B7D-487E-993C-736921ECDB7A}.Debug|x86.ActiveCfg = Debug|x86
		{50B68255-1B7D-487E-993C-736921ECDB7A}.Debug|x86.Build.0 = Debug|x86
		{50B68255-1B7D-487E-993C-736921ECDB7A}.Release|x86.ActiveCfg = Release|x86
		{50B68255-1B7D-487E-993C-736921ECDB7A}.Release|x86.Build.0 = Release|x86
	EndGlobalSection
	GlobalSection(SolutionProperties) = preSolution
		HideSolutionNode = FALSE
	EndGlobalSection
EndGlobal
