
Microsoft Visual Studio Solution File, Format Version 11.00
# Visual Basic Express 2010
Project("{F184B08F-C81C-45F6-A57F-5ABD9991F28F}") = "3-1", "3-1\3-1.vbproj", "{8AA665CA-146B-4F16-A2EB-6ADDB31EA63F}"
EndProject
Global
	GlobalSection(SolutionConfigurationPlatforms) = preSolution
		Debug|x86 = Debug|x86
		Release|x86 = Release|x86
	EndGlobalSection
	GlobalSection(ProjectConfigurationPlatforms) = postSolution
		{8AA665CA-146B-4F16-A2EB-6ADDB31EA63F}.Debug|x86.ActiveCfg = Debug|x86
		{8AA665CA-146B-4F16-A2EB-6ADDB31EA63F}.Debug|x86.Build.0 = Debug|x86
		{8AA665CA-146B-4F16-A2EB-6ADDB31EA63F}.Release|x86.ActiveCfg = Release|x86
		{8AA665CA-146B-4F16-A2EB-6ADDB31EA63F}.Release|x86.Build.0 = Release|x86
	EndGlobalSection
	GlobalSection(SolutionProperties) = preSolution
		HideSolutionNode = FALSE
	EndGlobalSection
EndGlobal
