
Microsoft Visual Studio Solution File, Format Version 11.00
# Visual Basic Express 2010
Project("{F184B08F-C81C-45F6-A57F-5ABD9991F28F}") = "5-9", "5-9\5-9.vbproj", "{300247A9-B048-434C-9298-CD0FB9231348}"
EndProject
Global
	GlobalSection(SolutionConfigurationPlatforms) = preSolution
		Debug|x86 = Debug|x86
		Release|x86 = Release|x86
	EndGlobalSection
	GlobalSection(ProjectConfigurationPlatforms) = postSolution
		{300247A9-B048-434C-9298-CD0FB9231348}.Debug|x86.ActiveCfg = Debug|x86
		{300247A9-B048-434C-9298-CD0FB9231348}.Debug|x86.Build.0 = Debug|x86
		{300247A9-B048-434C-9298-CD0FB9231348}.Release|x86.ActiveCfg = Release|x86
		{300247A9-B048-434C-9298-CD0FB9231348}.Release|x86.Build.0 = Release|x86
	EndGlobalSection
	GlobalSection(SolutionProperties) = preSolution
		HideSolutionNode = FALSE
	EndGlobalSection
EndGlobal
