
Microsoft Visual Studio Solution File, Format Version 11.00
# Visual Basic Express 2010
Project("{F184B08F-C81C-45F6-A57F-5ABD9991F28F}") = "h-序列", "h-序列\h-序列.vbproj", "{51C739CF-452B-42A1-B2D1-1285FB4CDA47}"
EndProject
Global
	GlobalSection(SolutionConfigurationPlatforms) = preSolution
		Debug|x86 = Debug|x86
		Release|x86 = Release|x86
	EndGlobalSection
	GlobalSection(ProjectConfigurationPlatforms) = postSolution
		{51C739CF-452B-42A1-B2D1-1285FB4CDA47}.Debug|x86.ActiveCfg = Debug|x86
		{51C739CF-452B-42A1-B2D1-1285FB4CDA47}.Debug|x86.Build.0 = Debug|x86
		{51C739CF-452B-42A1-B2D1-1285FB4CDA47}.Release|x86.ActiveCfg = Release|x86
		{51C739CF-452B-42A1-B2D1-1285FB4CDA47}.Release|x86.Build.0 = Release|x86
	EndGlobalSection
	GlobalSection(SolutionProperties) = preSolution
		HideSolutionNode = FALSE
	EndGlobalSection
EndGlobal
