
Microsoft Visual Studio Solution File, Format Version 11.00
# Visual Basic Express 2010
Project("{F184B08F-C81C-45F6-A57F-5ABD9991F28F}") = "5-7", "5-7\5-7.vbproj", "{DFA93642-E219-4200-BD78-52670F3BEB8D}"
EndProject
Global
	GlobalSection(SolutionConfigurationPlatforms) = preSolution
		Debug|x86 = Debug|x86
		Release|x86 = Release|x86
	EndGlobalSection
	GlobalSection(ProjectConfigurationPlatforms) = postSolution
		{DFA93642-E219-4200-BD78-52670F3BEB8D}.Debug|x86.ActiveCfg = Debug|x86
		{DFA93642-E219-4200-BD78-52670F3BEB8D}.Debug|x86.Build.0 = Debug|x86
		{DFA93642-E219-4200-BD78-52670F3BEB8D}.Release|x86.ActiveCfg = Release|x86
		{DFA93642-E219-4200-BD78-52670F3BEB8D}.Release|x86.Build.0 = Release|x86
	EndGlobalSection
	GlobalSection(SolutionProperties) = preSolution
		HideSolutionNode = FALSE
	EndGlobalSection
EndGlobal
