
Microsoft Visual Studio Solution File, Format Version 11.00
# Visual Basic Express 2010
Project("{F184B08F-C81C-45F6-A57F-5ABD9991F28F}") = "6-5", "6-5\6-5.vbproj", "{C4707FC3-3B35-4369-B083-5B7E5530CCC3}"
EndProject
Global
	GlobalSection(SolutionConfigurationPlatforms) = preSolution
		Debug|x86 = Debug|x86
		Release|x86 = Release|x86
	EndGlobalSection
	GlobalSection(ProjectConfigurationPlatforms) = postSolution
		{C4707FC3-3B35-4369-B083-5B7E5530CCC3}.Debug|x86.ActiveCfg = Debug|x86
		{C4707FC3-3B35-4369-B083-5B7E5530CCC3}.Debug|x86.Build.0 = Debug|x86
		{C4707FC3-3B35-4369-B083-5B7E5530CCC3}.Release|x86.ActiveCfg = Release|x86
		{C4707FC3-3B35-4369-B083-5B7E5530CCC3}.Release|x86.Build.0 = Release|x86
	EndGlobalSection
	GlobalSection(SolutionProperties) = preSolution
		HideSolutionNode = FALSE
	EndGlobalSection
EndGlobal
