
Microsoft Visual Studio Solution File, Format Version 11.00
# Visual Basic Express 2010
Project("{F184B08F-C81C-45F6-A57F-5ABD9991F28F}") = "101-22", "101-22\101-22.vbproj", "{E2885F78-CDC3-4E9D-B2B8-EDED79DE533A}"
EndProject
Global
	GlobalSection(SolutionConfigurationPlatforms) = preSolution
		Debug|x86 = Debug|x86
		Release|x86 = Release|x86
	EndGlobalSection
	GlobalSection(ProjectConfigurationPlatforms) = postSolution
		{E2885F78-CDC3-4E9D-B2B8-EDED79DE533A}.Debug|x86.ActiveCfg = Debug|x86
		{E2885F78-CDC3-4E9D-B2B8-EDED79DE533A}.Debug|x86.Build.0 = Debug|x86
		{E2885F78-CDC3-4E9D-B2B8-EDED79DE533A}.Release|x86.ActiveCfg = Release|x86
		{E2885F78-CDC3-4E9D-B2B8-EDED79DE533A}.Release|x86.Build.0 = Release|x86
	EndGlobalSection
	GlobalSection(SolutionProperties) = preSolution
		HideSolutionNode = FALSE
	EndGlobalSection
EndGlobal
