
Microsoft Visual Studio Solution File, Format Version 11.00
# Visual Basic Express 2010
Project("{F184B08F-C81C-45F6-A57F-5ABD9991F28F}") = "9-6", "9-6.vbproj", "{33C39EBB-1BE9-4A13-AF30-23D0E9E4D869}"
EndProject
Global
	GlobalSection(SolutionConfigurationPlatforms) = preSolution
		Debug|x86 = Debug|x86
		Release|x86 = Release|x86
	EndGlobalSection
	GlobalSection(ProjectConfigurationPlatforms) = postSolution
		{33C39EBB-1BE9-4A13-AF30-23D0E9E4D869}.Debug|x86.ActiveCfg = Debug|x86
		{33C39EBB-1BE9-4A13-AF30-23D0E9E4D869}.Debug|x86.Build.0 = Debug|x86
		{33C39EBB-1BE9-4A13-AF30-23D0E9E4D869}.Release|x86.ActiveCfg = Release|x86
		{33C39EBB-1BE9-4A13-AF30-23D0E9E4D869}.Release|x86.Build.0 = Release|x86
	EndGlobalSection
	GlobalSection(SolutionProperties) = preSolution
		HideSolutionNode = FALSE
	EndGlobalSection
EndGlobal
