
Microsoft Visual Studio Solution File, Format Version 11.00
# Visual Basic Express 2010
Project("{F184B08F-C81C-45F6-A57F-5ABD9991F28F}") = "105-31堆積樹、二元搜尋樹", "105-31堆積樹、二元搜尋樹\105-31堆積樹、二元搜尋樹.vbproj", "{7C86BF59-2F38-43FA-8B7C-371826870E06}"
EndProject
Global
	GlobalSection(SolutionConfigurationPlatforms) = preSolution
		Debug|x86 = Debug|x86
		Release|x86 = Release|x86
	EndGlobalSection
	GlobalSection(ProjectConfigurationPlatforms) = postSolution
		{7C86BF59-2F38-43FA-8B7C-371826870E06}.Debug|x86.ActiveCfg = Debug|x86
		{7C86BF59-2F38-43FA-8B7C-371826870E06}.Debug|x86.Build.0 = Debug|x86
		{7C86BF59-2F38-43FA-8B7C-371826870E06}.Release|x86.ActiveCfg = Release|x86
		{7C86BF59-2F38-43FA-8B7C-371826870E06}.Release|x86.Build.0 = Release|x86
	EndGlobalSection
	GlobalSection(SolutionProperties) = preSolution
		HideSolutionNode = FALSE
	EndGlobalSection
EndGlobal
